
Microsoft Visual Studio Solution File, Format Version 11.00
# Visual Studio 2010
Project("{FAE04EC0-301F-11D3-BF4B-00C04F79EFBC}") = "COMP2614HomeLab02", "COMP2614HomeLab02.csproj", "{A4D43AF8-565A-4DED-8FB4-5307351AA6FA}"
EndProject
Global
	GlobalSection(SolutionConfigurationPlatforms) = preSolution
		Debug|x86 = Debug|x86
		Release|x86 = Release|x86
	EndGlobalSection
	GlobalSection(ProjectConfigurationPlatforms) = postSolution
		{A4D43AF8-565A-4DED-8FB4-5307351AA6FA}.Debug|x86.ActiveCfg = Debug|x86
		{A4D43AF8-565A-4DED-8FB4-5307351AA6FA}.Debug|x86.Build.0 = Debug|x86
		{A4D43AF8-565A-4DED-8FB4-5307351AA6FA}.Release|x86.ActiveCfg = Release|x86
		{A4D43AF8-565A-4DED-8FB4-5307351AA6FA}.Release|x86.Build.0 = Release|x86
	EndGlobalSection
	GlobalSection(MonoDevelopProperties) = preSolution
		StartupItem = COMP2614HomeLab02.csproj
	EndGlobalSection
EndGlobal
